
Microsoft Visual Studio Solution File, Format Version 12.00
# Visual Studio Version 17
VisualStudioVersion = 17.11.35312.102
MinimumVisualStudioVersion = 10.0.40219.1
Project("{FAE04EC0-301F-11D3-BF4B-00C04F79EFBC}") = "GambaNet_Web", "GambaNet_Web.csproj", "{3E2712FE-1030-44BE-8495-AEA222FB9A5F}"
EndProject
Project("{FAE04EC0-301F-11D3-BF4B-00C04F79EFBC}") = "GambaNet.Application", "..\GambaNet.Appliaction\GambaNet.Application.csproj", "{BB0AE313-EE51-4DD3-BA95-808DC938BED6}"
EndProject
Project("{FAE04EC0-301F-11D3-BF4B-00C04F79EFBC}") = "GambaNet.Domain", "..\GambaNet.Domain\GambaNet.Domain.csproj", "{23942314-8E04-4A60-BB38-385FF35015C2}"
EndProject
Project("{FAE04EC0-301F-11D3-BF4B-00C04F79EFBC}") = "GambaNet.Infrastructure", "..\GambaNet.Infrastructure\GambaNet.Infrastructure.csproj", "{9A84D7F3-6FA0-4FD5-A6A3-9E6077E9A5B8}"
EndProject
Project("{FAE04EC0-301F-11D3-BF4B-00C04F79EFBC}") = "GambeNet_Test", "..\GambeNet_Test\GambeNet_Test.csproj", "{E7ACFAF1-56C0-4489-8259-D22A029703F3}"
EndProject
Global
	GlobalSection(SolutionConfigurationPlatforms) = preSolution
		Debug|Any CPU = Debug|Any CPU
		Release|Any CPU = Release|Any CPU
	EndGlobalSection
	GlobalSection(ProjectConfigurationPlatforms) = postSolution
		{3E2712FE-1030-44BE-8495-AEA222FB9A5F}.Debug|Any CPU.ActiveCfg = Debug|Any CPU
		{3E2712FE-1030-44BE-8495-AEA222FB9A5F}.Debug|Any CPU.Build.0 = Debug|Any CPU
		{3E2712FE-1030-44BE-8495-AEA222FB9A5F}.Release|Any CPU.ActiveCfg = Release|Any CPU
		{3E2712FE-1030-44BE-8495-AEA222FB9A5F}.Release|Any CPU.Build.0 = Release|Any CPU
		{BB0AE313-EE51-4DD3-BA95-808DC938BED6}.Debug|Any CPU.ActiveCfg = Debug|Any CPU
		{BB0AE313-EE51-4DD3-BA95-808DC938BED6}.Debug|Any CPU.Build.0 = Debug|Any CPU
		{BB0AE313-EE51-4DD3-BA95-808DC938BED6}.Release|Any CPU.ActiveCfg = Release|Any CPU
		{BB0AE313-EE51-4DD3-BA95-808DC938BED6}.Release|Any CPU.Build.0 = Release|Any CPU
		{23942314-8E04-4A60-BB38-385FF35015C2}.Debug|Any CPU.ActiveCfg = Debug|Any CPU
		{23942314-8E04-4A60-BB38-385FF35015C2}.Debug|Any CPU.Build.0 = Debug|Any CPU
		{23942314-8E04-4A60-BB38-385FF35015C2}.Release|Any CPU.ActiveCfg = Release|Any CPU
		{23942314-8E04-4A60-BB38-385FF35015C2}.Release|Any CPU.Build.0 = Release|Any CPU
		{9A84D7F3-6FA0-4FD5-A6A3-9E6077E9A5B8}.Debug|Any CPU.ActiveCfg = Debug|Any CPU
		{9A84D7F3-6FA0-4FD5-A6A3-9E6077E9A5B8}.Debug|Any CPU.Build.0 = Debug|Any CPU
		{9A84D7F3-6FA0-4FD5-A6A3-9E6077E9A5B8}.Release|Any CPU.ActiveCfg = Release|Any CPU
		{9A84D7F3-6FA0-4FD5-A6A3-9E6077E9A5B8}.Release|Any CPU.Build.0 = Release|Any CPU
		{E7ACFAF1-56C0-4489-8259-D22A029703F3}.Debug|Any CPU.ActiveCfg = Debug|Any CPU
		{E7ACFAF1-56C0-4489-8259-D22A029703F3}.Debug|Any CPU.Build.0 = Debug|Any CPU
		{E7ACFAF1-56C0-4489-8259-D22A029703F3}.Release|Any CPU.ActiveCfg = Release|Any CPU
		{E7ACFAF1-56C0-4489-8259-D22A029703F3}.Release|Any CPU.Build.0 = Release|Any CPU
	EndGlobalSection
	GlobalSection(SolutionProperties) = preSolution
		HideSolutionNode = FALSE
	EndGlobalSection
	GlobalSection(ExtensibilityGlobals) = postSolution
		SolutionGuid = {CBEFD355-8E2C-4C82-862F-D2A9547A9E79}
	EndGlobalSection
EndGlobal
